{
  "name": "javascript-pairmatching",
  "lockfileVersion": 2,
  "requires": true,
  "packages": {
    "": {
      "dependencies": {
        "@woowacourse/mission-utils": "^1.0.6"
      }
    },
    "node_modules/@woowacourse/mission-utils": {
      "version": "1.0.6",
      "resolved": "https://registry.npmjs.org/@woowacourse/mission-utils/-/mission-utils-1.0.6.tgz",
      "integrity": "sha512-wkuxUnmrYGtpFaaG1mJAmtSnr6HegV4eKVIkWTd7Jh9tsLSFv6IEAtrl+YT812hOz8H7niJpLR5i77nQuePoUA=="
    }
  },
  "dependencies": {
    "@woowacourse/mission-utils": {
      "version": "1.0.6",
      "resolved": "https://registry.npmjs.org/@woowacourse/mission-utils/-/mission-utils-1.0.6.tgz",
      "integrity": "sha512-wkuxUnmrYGtpFaaG1mJAmtSnr6HegV4eKVIkWTd7Jh9tsLSFv6IEAtrl+YT812hOz8H7niJpLR5i77nQuePoUA=="
    }
  }
}
